PODS:
  - LNPopupController (0.0.4)
  - NAExpandableTableController (0.1.1)

DEPENDENCIES:
  - LNPopupController
  - NAExpandableTableController (from `../`)

EXTERNAL SOURCES:
  NAExpandableTableController:
    :path: "../"

SPEC CHECKSUMS:
  LNPopupController: 31c84b06e6b6eb71842037dd6a3a4ac325265f35
  NAExpandableTableController: 794b7482943e1136d75aaa27b251316dc8b16f36

COCOAPODS: 0.39.0
